{
  "name": "SaveMyPhind-conversation-exporter",
  "lockfileVersion": 3,
  "requires": true,
  "packages": {
    "": {
      "devDependencies": {
        "convert-manifest-format": "^0.4.0"
      }
    },
    "node_modules/convert-manifest-format": {
      "version": "0.4.0",
      "resolved": "https://registry.npmjs.org/convert-manifest-format/-/convert-manifest-format-0.4.0.tgz",
      "integrity": "sha512-IfWjp+ZH6PhnrQKD5evJnjSp7xn19LlATbcx1Ru7Ql7RxkS17a2mVlwPj+aqWLfqOXDHy2e6Lza2wA6WKOliQg==",
      "dev": true,
      "bin": {
        "convert-manifest-format": "bin/index.js"
      },
      "engines": {
        "node": ">=12.0.0"
      }
    }
  }
}
